
Microsoft Visual Studio Solution File, Format Version 12.00
# Visual Studio Version 17
VisualStudioVersion = 17.11.35327.3
MinimumVisualStudioVersion = 10.0.40219.1
Project("{FAE04EC0-301F-11D3-BF4B-00C04F79EFBC}") = "CoinsCounter", "CoinsCounter\CoinsCounter.csproj", "{EC790958-E41F-4595-A910-ABB981892CEB}"
EndProject
Global
	GlobalSection(SolutionConfigurationPlatforms) = preSolution
		Debug|Any CPU = Debug|Any CPU
		Release|Any CPU = Release|Any CPU
	EndGlobalSection
	GlobalSection(ProjectConfigurationPlatforms) = postSolution
		{EC790958-E41F-4595-A910-ABB981892CEB}.Debug|Any CPU.ActiveCfg = Debug|Any CPU
		{EC790958-E41F-4595-A910-ABB981892CEB}.Debug|Any CPU.Build.0 = Debug|Any CPU
		{EC790958-E41F-4595-A910-ABB981892CEB}.Release|Any CPU.ActiveCfg = Release|Any CPU
		{EC790958-E41F-4595-A910-ABB981892CEB}.Release|Any CPU.Build.0 = Release|Any CPU
	EndGlobalSection
	GlobalSection(SolutionProperties) = preSolution
		HideSolutionNode = FALSE
	EndGlobalSection
	GlobalSection(ExtensibilityGlobals) = postSolution
		SolutionGuid = {B3900CCC-35CF-4B75-9C20-EB36181E7C27}
	EndGlobalSection
EndGlobal
